
Microsoft Visual Studio Solution File, Format Version 12.00
# Visual Studio 15
VisualStudioVersion = 15.0.28010.2003
MinimumVisualStudioVersion = 10.0.40219.1
Project("{9A19103F-16F7-4668-BE54-9A1E7A4F7556}") = "Lottery", "Lottery\Lottery.csproj", "{3678701B-AEB9-4133-BE6B-549D3CEA11BA}"
EndProject
Global
	GlobalSection(SolutionConfigurationPlatforms) = preSolution
		Debug|Any CPU = Debug|Any CPU
		Release|Any CPU = Release|Any CPU
	EndGlobalSection
	GlobalSection(ProjectConfigurationPlatforms) = postSolution
		{3678701B-AEB9-4133-BE6B-549D3CEA11BA}.Debug|Any CPU.ActiveCfg = Debug|Any CPU
		{3678701B-AEB9-4133-BE6B-549D3CEA11BA}.Debug|Any CPU.Build.0 = Debug|Any CPU
		{3678701B-AEB9-4133-BE6B-549D3CEA11BA}.Release|Any CPU.ActiveCfg = Release|Any CPU
		{3678701B-AEB9-4133-BE6B-549D3CEA11BA}.Release|Any CPU.Build.0 = Release|Any CPU
	EndGlobalSection
	GlobalSection(SolutionProperties) = preSolution
		HideSolutionNode = FALSE
	EndGlobalSection
	GlobalSection(ExtensibilityGlobals) = postSolution
		SolutionGuid = {7EA25BF7-F069-4FD1-8B67-6F86B712E83F}
	EndGlobalSection
EndGlobal
